<?xml version="1.0" encoding="utf-8"?>
<Project ToolsVersion="4.0" xmlns="http://schemas.microsoft.com/developer/msbuild/2003">
  <ItemGroup>
    <ClCompile Include="src\win\Main.cpp">
      <Filter>win</Filter>
    </ClCompile>
    <ClCompile Include="src\win\Win32Application.cpp">
      <Filter>win</Filter>
    </ClCompile>
    <ClCompile Include="src\dx12\D3DContainer.cpp">
      <Filter>dx12</Filter>
    </ClCompile>
    <ClCompile Include="src\dx12\SecurityAttributes.cpp">
      <Filter>dx12</Filter>
    </ClCompile>
    <ClCompile Include="src\generic\StringUtils.cpp">
      <Filter>generic</Filter>
    </ClCompile>
    <ClCompile Include="src\thirdparty\lodepng\lodepng.cpp">
      <Filter>thirdparty\lodepng</Filter>
    </ClCompile>
    <ClCompile Include="src\thirdparty\imgui\imgui.cpp">
      <Filter>thirdparty\imgui</Filter>
    </ClCompile>
    <ClCompile Include="src\thirdparty\imgui\imgui_draw.cpp">
      <Filter>thirdparty\imgui</Filter>
    </ClCompile>
    <ClCompile Include="src\thirdparty\imgui\imgui_tables.cpp">
      <Filter>thirdparty\imgui</Filter>
    </ClCompile>
    <ClCompile Include="src\thirdparty\imgui\imgui_widgets.cpp">
      <Filter>thirdparty\imgui</Filter>
    </ClCompile>
    <ClCompile Include="src\thirdparty\imgui\backends\imgui_impl_dx12.cpp">
      <Filter>thirdparty\imgui\backends</Filter>
    </ClCompile>
    <ClCompile Include="src\thirdparty\imgui\backends\imgui_impl_win32.cpp">
      <Filter>thirdparty\imgui\backends</Filter>
    </ClCompile>
    <ClCompile Include="src\generic\JsonUtils.cpp">
      <Filter>generic</Filter>
    </ClCompile>
    <ClCompile Include="src\generic\Log.cpp">
      <Filter>generic</Filter>
    </ClCompile>
    <ClCompile Include="src\io\USDIO.cpp">
      <Filter>io</Filter>
    </ClCompile>
    <ClCompile Include="src\generic\FilesystemUtils.cpp">
      <Filter>generic</Filter>
    </ClCompile>
    <ClCompile Include="src\manager\RenderManager.cpp">
      <Filter>manager</Filter>
    </ClCompile>
    <ClCompile Include="src\dx12\imgui\IMGUIContainer.cpp">
      <Filter>dx12\imgui</Filter>
    </ClCompile>
    <ClCompile Include="src\dx12\imgui\shelves\IMGUIShelfFactory.cpp">
      <Filter>dx12\imgui\shelves</Filter>
    </ClCompile>
    <ClCompile Include="src\dx12\imgui\shelves\IMGUIElement.cpp">
      <Filter>dx12\imgui\shelves</Filter>
    </ClCompile>
    <ClCompile Include="src\io\ImageIO.cpp">
      <Filter>io</Filter>
    </ClCompile>
    <ClCompile Include="src\dx12\imgui\permutor\BakePermutor.cpp">
      <Filter>dx12\imgui\permutor</Filter>
    </ClCompile>
    <ClCompile Include="src\dx12\imgui\permutor\RenderObjectStateMap.cpp">
      <Filter>dx12\imgui\permutor</Filter>
    </ClCompile>
    <ClCompile Include="src\dx12\imgui\permutor\IMGUIStateManager.cpp">
      <Filter>dx12\imgui\permutor</Filter>
    </ClCompile>
    <ClCompile Include="src\dx12\imgui\shelves\IMGUICameraShelves.cpp">
      <Filter>dx12\imgui\shelves</Filter>
    </ClCompile>
    <ClCompile Include="src\dx12\imgui\shelves\IMGUIFilterShelves.cpp">
      <Filter>dx12\imgui\shelves</Filter>
    </ClCompile>
    <ClCompile Include="src\dx12\imgui\shelves\IMGUIIntegratorShelves.cpp">
      <Filter>dx12\imgui\shelves</Filter>
    </ClCompile>
    <ClCompile Include="src\dx12\imgui\shelves\IMGUILightShelves.cpp">
      <Filter>dx12\imgui\shelves</Filter>
    </ClCompile>
    <ClCompile Include="src\dx12\imgui\shelves\IMGUIMaterialShelves.cpp">
      <Filter>dx12\imgui\shelves</Filter>
    </ClCompile>
    <ClCompile Include="src\dx12\imgui\shelves\IMGUITracableShelves.cpp">
      <Filter>dx12\imgui\shelves</Filter>
    </ClCompile>
    <ClCompile Include="src\dx12\imgui\shelves\IMGUIBxDFShelves.cpp">
      <Filter>dx12\imgui\shelves</Filter>
    </ClCompile>
    <ClCompile Include="src\utils\BulkUSDProcessor.cpp">
      <Filter>utils</Filter>
    </ClCompile>
    <ClCompile Include="src\generic\GlobalStateAuthority.cpp">
      <Filter>generic</Filter>
    </ClCompile>
    <ClCompile Include="src\dx12\imgui\IMGUIMemoryMonitor.cpp">
      <Filter>dx12\imgui</Filter>
    </ClCompile>
    <ClCompile Include="src\generic\debug\Backtrace.cpp">
      <Filter>generic\debug</Filter>
    </ClCompile>
    <ClCompile Include="src\generic\debug\ProcessMemoryMonitor.cpp">
      <Filter>generic\debug</Filter>
    </ClCompile>
    <ClCompile Include="src\onnx\Grid2Grid.cpp">
      <Filter>onnx</Filter>
    </ClCompile>
    <ClCompile Include="src\onnx\FCNNProbeDenoiser.cpp">
      <Filter>onnx</Filter>
    </ClCompile>
  </ItemGroup>
  <ItemGroup>
    <ClInclude Include="src\dx12\d3dx12.h">
      <Filter>dx12</Filter>
    </ClInclude>
    <ClInclude Include="src\dx12\DXSampleHelper.h">
      <Filter>dx12</Filter>
    </ClInclude>
    <ClInclude Include="src\win\Win32Application.h">
      <Filter>win</Filter>
    </ClInclude>
    <ClInclude Include="src\dx12\D3DWindowInterface.h">
      <Filter>dx12</Filter>
    </ClInclude>
    <ClInclude Include="src\dx12\D3DContainer.h">
      <Filter>dx12</Filter>
    </ClInclude>
    <ClInclude Include="src\dx12\SecurityAttributes.h">
      <Filter>dx12</Filter>
    </ClInclude>
    <ClInclude Include="src\generic\D3DIncludes.h">
      <Filter>generic</Filter>
    </ClInclude>
    <ClInclude Include="src\generic\StdIncludes.h">
      <Filter>generic</Filter>
    </ClInclude>
    <ClInclude Include="src\kernels\CudaCommonIncludes.cuh">
      <Filter>kernels</Filter>
    </ClInclude>
    <ClInclude Include="src\kernels\CudaWavefrontTracer.cuh">
      <Filter>kernels</Filter>
    </ClInclude>
    <ClInclude Include="src\kernels\CudaRay.cuh">
      <Filter>kernels</Filter>
    </ClInclude>
    <ClInclude Include="src\kernels\CudaImage.cuh">
      <Filter>kernels</Filter>
    </ClInclude>
    <ClInclude Include="src\generic\Math.h">
      <Filter>generic</Filter>
    </ClInclude>
    <ClInclude Include="src\generic\Constants.h">
      <Filter>generic</Filter>
    </ClInclude>
    <ClInclude Include="src\generic\StringUtils.h">
      <Filter>generic</Filter>
    </ClInclude>
    <ClInclude Include="src\kernels\math\CudaMath.cuh">
      <Filter>kernels\math</Filter>
    </ClInclude>
    <ClInclude Include="src\kernels\CudaSampler.cuh">
      <Filter>kernels</Filter>
    </ClInclude>
    <ClInclude Include="src\kernels\CudaHash.cuh">
      <Filter>kernels</Filter>
    </ClInclude>
    <ClInclude Include="src\kernels\CudaCtx.cuh">
      <Filter>kernels</Filter>
    </ClInclude>
    <ClInclude Include="src\kernels\CudaAssetContainer.cuh">
      <Filter>kernels</Filter>
    </ClInclude>
    <ClInclude Include="src\kernels\CudaAsset.cuh">
      <Filter>kernels</Filter>
    </ClInclude>
    <ClInclude Include="src\thirdparty\lodepng\lodepng.h">
      <Filter>thirdparty\lodepng</Filter>
    </ClInclude>
    <ClInclude Include="src\thirdparty\tinyformat\tinyformat.h">
      <Filter>thirdparty\tinyformat</Filter>
    </ClInclude>
    <ClInclude Include="src\thirdparty\rapidjson\allocators.h">
      <Filter>thirdparty\rapidjson</Filter>
    </ClInclude>
    <ClInclude Include="src\thirdparty\rapidjson\cursorstreamwrapper.h">
      <Filter>thirdparty\rapidjson</Filter>
    </ClInclude>
    <ClInclude Include="src\thirdparty\rapidjson\document.h">
      <Filter>thirdparty\rapidjson</Filter>
    </ClInclude>
    <ClInclude Include="src\thirdparty\rapidjson\encodedstream.h">
      <Filter>thirdparty\rapidjson</Filter>
    </ClInclude>
    <ClInclude Include="src\thirdparty\rapidjson\encodings.h">
      <Filter>thirdparty\rapidjson</Filter>
    </ClInclude>
    <ClInclude Include="src\thirdparty\rapidjson\filereadstream.h">
      <Filter>thirdparty\rapidjson</Filter>
    </ClInclude>
    <ClInclude Include="src\thirdparty\rapidjson\filewritestream.h">
      <Filter>thirdparty\rapidjson</Filter>
    </ClInclude>
    <ClInclude Include="src\thirdparty\rapidjson\fwd.h">
      <Filter>thirdparty\rapidjson</Filter>
    </ClInclude>
    <ClInclude Include="src\thirdparty\rapidjson\istreamwrapper.h">
      <Filter>thirdparty\rapidjson</Filter>
    </ClInclude>
    <ClInclude Include="src\thirdparty\rapidjson\memorybuffer.h">
      <Filter>thirdparty\rapidjson</Filter>
    </ClInclude>
    <ClInclude Include="src\thirdparty\rapidjson\memorystream.h">
      <Filter>thirdparty\rapidjson</Filter>
    </ClInclude>
    <ClInclude Include="src\thirdparty\rapidjson\ostreamwrapper.h">
      <Filter>thirdparty\rapidjson</Filter>
    </ClInclude>
    <ClInclude Include="src\thirdparty\rapidjson\pointer.h">
      <Filter>thirdparty\rapidjson</Filter>
    </ClInclude>
    <ClInclude Include="src\thirdparty\rapidjson\prettywriter.h">
      <Filter>thirdparty\rapidjson</Filter>
    </ClInclude>
    <ClInclude Include="src\thirdparty\rapidjson\rapidjson.h">
      <Filter>thirdparty\rapidjson</Filter>
    </ClInclude>
    <ClInclude Include="src\thirdparty\rapidjson\reader.h">
      <Filter>thirdparty\rapidjson</Filter>
    </ClInclude>
    <ClInclude Include="src\thirdparty\rapidjson\schema.h">
      <Filter>thirdparty\rapidjson</Filter>
    </ClInclude>
    <ClInclude Include="src\thirdparty\rapidjson\stream.h">
      <Filter>thirdparty\rapidjson</Filter>
    </ClInclude>
    <ClInclude Include="src\thirdparty\rapidjson\stringbuffer.h">
      <Filter>thirdparty\rapidjson</Filter>
    </ClInclude>
    <ClInclude Include="src\thirdparty\rapidjson\writer.h">
      <Filter>thirdparty\rapidjson</Filter>
    </ClInclude>
    <ClInclude Include="src\thirdparty\nvidia\helper_cuda.h">
      <Filter>thirdparty\nvidia</Filter>
    </ClInclude>
    <ClInclude Include="src\thirdparty\nvidia\helper_string.h">
      <Filter>thirdparty\nvidia</Filter>
    </ClInclude>
    <ClInclude Include="src\thirdparty\imgui\imconfig.h">
      <Filter>thirdparty\imgui</Filter>
    </ClInclude>
    <ClInclude Include="src\thirdparty\imgui\imgui.h">
      <Filter>thirdparty\imgui</Filter>
    </ClInclude>
    <ClInclude Include="src\thirdparty\imgui\imgui_internal.h">
      <Filter>thirdparty\imgui</Filter>
    </ClInclude>
    <ClInclude Include="src\thirdparty\imgui\imstb_rectpack.h">
      <Filter>thirdparty\imgui</Filter>
    </ClInclude>
    <ClInclude Include="src\thirdparty\imgui\imstb_textedit.h">
      <Filter>thirdparty\imgui</Filter>
    </ClInclude>
    <ClInclude Include="src\thirdparty\imgui\imstb_truetype.h">
      <Filter>thirdparty\imgui</Filter>
    </ClInclude>
    <ClInclude Include="src\kernels\tracables\CudaTracable.cuh">
      <Filter>kernels\tracables</Filter>
    </ClInclude>
    <ClInclude Include="src\kernels\tracables\CudaSphere.cuh">
      <Filter>kernels\tracables</Filter>
    </ClInclude>
    <ClInclude Include="src\kernels\tracables\CudaPlane.cuh">
      <Filter>kernels\tracables</Filter>
    </ClInclude>
    <ClInclude Include="src\kernels\tracables\CudaKIFS.cuh">
      <Filter>kernels\tracables</Filter>
    </ClInclude>
    <ClInclude Include="src\kernels\tracables\CudaSDF.cuh">
      <Filter>kernels\tracables</Filter>
    </ClInclude>
    <ClInclude Include="src\generic\Assert.h">
      <Filter>generic</Filter>
    </ClInclude>
    <ClInclude Include="src\kernels\math\vec\CudaIVec2.cuh">
      <Filter>kernels\math\vec</Filter>
    </ClInclude>
    <ClInclude Include="src\kernels\math\vec\CudaIVec3.cuh">
      <Filter>kernels\math\vec</Filter>
    </ClInclude>
    <ClInclude Include="src\kernels\math\vec\CudaIVec4.cuh">
      <Filter>kernels\math\vec</Filter>
    </ClInclude>
    <ClInclude Include="src\kernels\math\vec\CudaVec2.cuh">
      <Filter>kernels\math\vec</Filter>
    </ClInclude>
    <ClInclude Include="src\kernels\math\vec\CudaVec3.cuh">
      <Filter>kernels\math\vec</Filter>
    </ClInclude>
    <ClInclude Include="src\kernels\math\vec\CudaVec4.cuh">
      <Filter>kernels\math\vec</Filter>
    </ClInclude>
    <ClInclude Include="src\kernels\math\mat\CudaMat3.cuh">
      <Filter>kernels\math\mat</Filter>
    </ClInclude>
    <ClInclude Include="src\kernels\math\mat\CudaMat4.cuh">
      <Filter>kernels\math\mat</Filter>
    </ClInclude>
    <ClInclude Include="src\kernels\math\vec\CudaVecBase.cuh">
      <Filter>kernels\math\vec</Filter>
    </ClInclude>
    <ClInclude Include="src\kernels\lights\CudaLight.cuh">
      <Filter>kernels\lights</Filter>
    </ClInclude>
    <ClInclude Include="src\kernels\lights\CudaQuadLight.cuh">
      <Filter>kernels\lights</Filter>
    </ClInclude>
    <ClInclude Include="src\kernels\bxdfs\CudaBxDF.cuh">
      <Filter>kernels\bxdfs</Filter>
    </ClInclude>
    <ClInclude Include="src\kernels\bxdfs\CudaLambert.cuh">
      <Filter>kernels\bxdfs</Filter>
    </ClInclude>
    <ClInclude Include="src\kernels\CudaManagedArray.cuh">
      <Filter>kernels</Filter>
    </ClInclude>
    <ClInclude Include="src\thirdparty\imgui\backends\imgui_impl_dx12.h">
      <Filter>thirdparty\imgui\backends</Filter>
    </ClInclude>
    <ClInclude Include="src\thirdparty\imgui\backends\imgui_impl_win32.h">
      <Filter>thirdparty\imgui\backends</Filter>
    </ClInclude>
    <ClInclude Include="src\generic\JsonUtils.h">
      <Filter>generic</Filter>
    </ClInclude>
    <ClInclude Include="src\generic\Log.h">
      <Filter>generic</Filter>
    </ClInclude>
    <ClInclude Include="src\kernels\materials\CudaMaterial.cuh">
      <Filter>kernels\materials</Filter>
    </ClInclude>
    <ClInclude Include="src\kernels\tracables\CudaGenericIntersectors.cuh">
      <Filter>kernels\tracables</Filter>
    </ClInclude>
    <ClInclude Include="src\kernels\math\CudaTransform.cuh">
      <Filter>kernels\math</Filter>
    </ClInclude>
    <ClInclude Include="src\kernels\CudaTests.cuh">
      <Filter>kernels</Filter>
    </ClInclude>
    <ClInclude Include="src\kernels\lights\CudaEnvironmentLight.cuh">
      <Filter>kernels\lights</Filter>
    </ClInclude>
    <ClInclude Include="src\kernels\CudaRenderObject.cuh">
      <Filter>kernels</Filter>
    </ClInclude>
    <ClInclude Include="src\kernels\CudaRenderObjectFactory.cuh">
      <Filter>kernels</Filter>
    </ClInclude>
    <ClInclude Include="src\kernels\math\CudaMathUtils.cuh">
      <Filter>kernels\math</Filter>
    </ClInclude>
    <ClInclude Include="src\kernels\materials\CudaSimpleMaterial.cuh">
      <Filter>kernels\materials</Filter>
    </ClInclude>
    <ClInclude Include="src\kernels\tracables\CudaCornellBox.cuh">
      <Filter>kernels\tracables</Filter>
    </ClInclude>
    <ClInclude Include="src\kernels\materials\CudaCornellMaterial.cuh">
      <Filter>kernels\materials</Filter>
    </ClInclude>
    <ClInclude Include="src\kernels\CudaManagedObject.cuh">
      <Filter>kernels</Filter>
    </ClInclude>
    <ClInclude Include="src\kernels\cameras\CudaLightProbeCamera.cuh">
      <Filter>kernels\cameras</Filter>
    </ClInclude>
    <ClInclude Include="src\kernels\cameras\CudaCamera.cuh">
      <Filter>kernels\cameras</Filter>
    </ClInclude>
    <ClInclude Include="src\kernels\cameras\CudaPerspectiveCamera.cuh">
      <Filter>kernels\cameras</Filter>
    </ClInclude>
    <ClInclude Include="src\kernels\math\CudaSphericalHarmonics.cuh">
      <Filter>kernels\math</Filter>
    </ClInclude>
    <ClInclude Include="src\io\USDIO.h">
      <Filter>io</Filter>
    </ClInclude>
    <ClInclude Include="src\generic\FilesystemUtils.h">
      <Filter>generic</Filter>
    </ClInclude>
    <ClInclude Include="src\kernels\lights\CudaSphereLight.cuh">
      <Filter>kernels\lights</Filter>
    </ClInclude>
    <ClInclude Include="src\manager\RenderManager.h">
      <Filter>manager</Filter>
    </ClInclude>
    <ClInclude Include="src\kernels\materials\CudaKIFSMaterial.cuh">
      <Filter>kernels\materials</Filter>
    </ClInclude>
    <ClInclude Include="src\kernels\math\CudaColourUtils.cuh">
      <Filter>kernels\math</Filter>
    </ClInclude>
    <ClInclude Include="src\dx12\imgui\shelves\IMGUIAbstractShelf.h">
      <Filter>dx12\imgui\shelves</Filter>
    </ClInclude>
    <ClInclude Include="src\dx12\imgui\IMGUIContainer.h">
      <Filter>dx12\imgui</Filter>
    </ClInclude>
    <ClInclude Include="src\dx12\imgui\shelves\IMGUIShelfFactory.h">
      <Filter>dx12\imgui\shelves</Filter>
    </ClInclude>
    <ClInclude Include="src\kernels\math\CudaJitterableParameter.cuh">
      <Filter>kernels\math</Filter>
    </ClInclude>
    <ClInclude Include="src\dx12\imgui\shelves\IMGUIElement.h">
      <Filter>dx12\imgui\shelves</Filter>
    </ClInclude>
    <ClInclude Include="src\io\ImageIO.h">
      <Filter>io</Filter>
    </ClInclude>
    <ClInclude Include="src\kernels\lights\CudaDistantLight.cuh">
      <Filter>kernels\lights</Filter>
    </ClInclude>
    <ClInclude Include="src\dx12\imgui\permutor\BakePermutor.h">
      <Filter>dx12\imgui\permutor</Filter>
    </ClInclude>
    <ClInclude Include="src\dx12\imgui\permutor\RenderObjectStateMap.h">
      <Filter>dx12\imgui\permutor</Filter>
    </ClInclude>
    <ClInclude Include="src\dx12\imgui\permutor\IMGUIStateManager.h">
      <Filter>dx12\imgui\permutor</Filter>
    </ClInclude>
    <ClInclude Include="src\kernels\tracables\CudaBox.cuh">
      <Filter>kernels\tracables</Filter>
    </ClInclude>
    <ClInclude Include="src\kernels\lightprobes\CudaLightProbeGrid.cuh">
      <Filter>kernels\lightprobes</Filter>
    </ClInclude>
    <ClInclude Include="src\kernels\lightprobes\CudaLightProbeKernelFilter.cuh">
      <Filter>kernels\lightprobes</Filter>
    </ClInclude>
    <ClInclude Include="src\dx12\imgui\shelves\IMGUICameraShelves.h">
      <Filter>dx12\imgui\shelves</Filter>
    </ClInclude>
    <ClInclude Include="src\dx12\imgui\shelves\IMGUIFilterShelves.h">
      <Filter>dx12\imgui\shelves</Filter>
    </ClInclude>
    <ClInclude Include="src\dx12\imgui\shelves\IMGUIIntegratorShelves.h">
      <Filter>dx12\imgui\shelves</Filter>
    </ClInclude>
    <ClInclude Include="src\dx12\imgui\shelves\IMGUILightShelves.h">
      <Filter>dx12\imgui\shelves</Filter>
    </ClInclude>
    <ClInclude Include="src\dx12\imgui\shelves\IMGUIMaterialShelves.h">
      <Filter>dx12\imgui\shelves</Filter>
    </ClInclude>
    <ClInclude Include="src\dx12\imgui\shelves\IMGUITracableShelves.h">
      <Filter>dx12\imgui\shelves</Filter>
    </ClInclude>
    <ClInclude Include="src\dx12\imgui\shelves\IMGUIBxDFShelves.h">
      <Filter>dx12\imgui\shelves</Filter>
    </ClInclude>
    <ClInclude Include="src\kernels\lightprobes\CudaLightProbeRegressionFilter.cuh">
      <Filter>kernels\lightprobes</Filter>
    </ClInclude>
    <ClInclude Include="src\kernels\CudaDeviceObjectRAII.cuh">
      <Filter>kernels</Filter>
    </ClInclude>
    <ClInclude Include="src\kernels\lightprobes\CudaLightProbeFilter.cuh">
      <Filter>kernels\lightprobes</Filter>
    </ClInclude>
    <ClInclude Include="src\utils\BulkUSDProcessor.h">
      <Filter>utils</Filter>
    </ClInclude>
    <ClInclude Include="src\generic\HighResolutionTimer.h">
      <Filter>generic</Filter>
    </ClInclude>
    <ClInclude Include="src\generic\GlobalStateAuthority.h">
      <Filter>generic</Filter>
    </ClInclude>
    <ClInclude Include="src\kernels\CudaRenderObjectContainer.cuh">
      <Filter>kernels</Filter>
    </ClInclude>
    <ClInclude Include="src\kernels\lightprobes\CudaLightProbeIO.cuh">
      <Filter>kernels\lightprobes</Filter>
    </ClInclude>
    <ClInclude Include="src\dx12\imgui\IMGUIMemoryMonitor.h">
      <Filter>dx12\imgui</Filter>
    </ClInclude>
    <ClInclude Include="src\generic\debug\Backtrace.h">
      <Filter>generic\debug</Filter>
    </ClInclude>
    <ClInclude Include="src\generic\debug\ProcessMemoryMonitor.h">
      <Filter>generic\debug</Filter>
    </ClInclude>
    <ClInclude Include="src\kernels\ml\CudaGrid2Grid.cuh">
      <Filter>kernels\ml</Filter>
    </ClInclude>
    <ClInclude Include="src\onnx\Grid2Grid.h">
      <Filter>onnx</Filter>
    </ClInclude>
    <ClInclude Include="src\kernels\math\CudaGeodesics.cuh">
      <Filter>kernels\math</Filter>
    </ClInclude>
    <ClInclude Include="src\onnx\OnnxRuntime.h">
      <Filter>onnx</Filter>
    </ClInclude>
    <ClInclude Include="src\kernels\ml\CudaFCNNProbeDenoiser.cuh">
      <Filter>kernels\ml</Filter>
    </ClInclude>
    <ClInclude Include="src\onnx\FCNNProbeDenoiser.h">
      <Filter>onnx</Filter>
    </ClInclude>
    <ClInclude Include="src\kernels\lightprobes\CudaLightProbeDataTransform.cuh">
      <Filter>kernels\lightprobes</Filter>
    </ClInclude>
    <ClInclude Include="src\kernels\math\mat\CudaMat2.cuh">
      <Filter>kernels\math\mat</Filter>
    </ClInclude>
  </ItemGroup>
  <ItemGroup>
    <Filter Include="dx12">
      <UniqueIdentifier>{8863e2e8-e3e5-49f3-8cd9-fc79fcfef590}</UniqueIdentifier>
    </Filter>
    <Filter Include="win">
      <UniqueIdentifier>{d46ee08f-5440-4118-b4f2-a715b7332aa1}</UniqueIdentifier>
    </Filter>
    <Filter Include="kernels">
      <UniqueIdentifier>{40d7abd6-ab81-4cd5-b3b8-3d3dc012ed71}</UniqueIdentifier>
    </Filter>
    <Filter Include="dx12\hlsl">
      <UniqueIdentifier>{047e351b-1ef7-4541-aefa-5c78b7bb8897}</UniqueIdentifier>
    </Filter>
    <Filter Include="kernels\math">
      <UniqueIdentifier>{683b4a22-8741-469d-bda7-497068883385}</UniqueIdentifier>
    </Filter>
    <Filter Include="thirdparty">
      <UniqueIdentifier>{591f47b3-24b8-4d40-85d8-bdf9d8146458}</UniqueIdentifier>
    </Filter>
    <Filter Include="thirdparty\imgui">
      <UniqueIdentifier>{ea46f703-4d6a-4377-ac81-d904a8ff17c0}</UniqueIdentifier>
    </Filter>
    <Filter Include="thirdparty\lodepng">
      <UniqueIdentifier>{06971913-cae4-4a8a-a242-e57b22e97d7b}</UniqueIdentifier>
    </Filter>
    <Filter Include="thirdparty\nvidia">
      <UniqueIdentifier>{c4891f19-5108-4f5a-b7a4-80334b9a930f}</UniqueIdentifier>
    </Filter>
    <Filter Include="thirdparty\rapidjson">
      <UniqueIdentifier>{f08c0864-2c4e-4943-9b3c-877917349caa}</UniqueIdentifier>
    </Filter>
    <Filter Include="thirdparty\tinyformat">
      <UniqueIdentifier>{d45a9f64-6ee4-42c5-9ec6-c3fdd18a827c}</UniqueIdentifier>
    </Filter>
    <Filter Include="kernels\tracables">
      <UniqueIdentifier>{569b5b47-933a-44cf-9549-9e36ae128e54}</UniqueIdentifier>
    </Filter>
    <Filter Include="kernels\math\vec">
      <UniqueIdentifier>{f0a55eab-5607-4d11-94c5-304f046ace34}</UniqueIdentifier>
    </Filter>
    <Filter Include="kernels\math\mat">
      <UniqueIdentifier>{f2c4430f-e77d-4246-a26a-6e5516867ce2}</UniqueIdentifier>
    </Filter>
    <Filter Include="kernels\lights">
      <UniqueIdentifier>{93e962f1-ea1e-4158-ac22-de5feb7fc1c5}</UniqueIdentifier>
    </Filter>
    <Filter Include="kernels\bxdfs">
      <UniqueIdentifier>{26fb12ca-2b5a-4813-a76c-4a424d4c1dde}</UniqueIdentifier>
    </Filter>
    <Filter Include="kernels\materials">
      <UniqueIdentifier>{6d106cab-3e60-4e93-9597-a12a22e281ec}</UniqueIdentifier>
    </Filter>
    <Filter Include="thirdparty\imgui\backends">
      <UniqueIdentifier>{e6b247cc-e6e7-45ae-b0c0-d1b3ee027aa8}</UniqueIdentifier>
    </Filter>
    <Filter Include="scenes">
      <UniqueIdentifier>{cf54c47d-ed90-4617-afcb-f24ce6e443c6}</UniqueIdentifier>
    </Filter>
    <Filter Include="dx12\imgui">
      <UniqueIdentifier>{11088863-1c49-4f1c-b4c3-3fa6da7a1c0f}</UniqueIdentifier>
    </Filter>
    <Filter Include="kernels\cameras">
      <UniqueIdentifier>{16ef40bb-a36c-4763-b920-715dbd8179f8}</UniqueIdentifier>
    </Filter>
    <Filter Include="io">
      <UniqueIdentifier>{972ad3d2-6574-43fd-ae49-d6d9a1e7c4eb}</UniqueIdentifier>
    </Filter>
    <Filter Include="manager">
      <UniqueIdentifier>{b1b37265-aa24-48e6-afa6-07bb2e7c674b}</UniqueIdentifier>
    </Filter>
    <Filter Include="dx12\imgui\shelves">
      <UniqueIdentifier>{6761ba89-09d2-4b5d-9c9a-7041f3ab478c}</UniqueIdentifier>
    </Filter>
    <Filter Include="dx12\imgui\permutor">
      <UniqueIdentifier>{13417f0c-5c9a-4651-bbf2-9a809a08ebdf}</UniqueIdentifier>
    </Filter>
    <Filter Include="kernels\lightprobes">
      <UniqueIdentifier>{c945e127-d6a1-463c-81bb-c8b8ce3907bf}</UniqueIdentifier>
    </Filter>
    <Filter Include="utils">
      <UniqueIdentifier>{8adb29c0-46a9-4638-a4fb-35e52aa26276}</UniqueIdentifier>
    </Filter>
    <Filter Include="generic">
      <UniqueIdentifier>{439db4d4-72ca-47c6-8a82-a225dfa92cca}</UniqueIdentifier>
    </Filter>
    <Filter Include="generic\debug">
      <UniqueIdentifier>{b477dfbc-b982-4232-ac02-280763d25e19}</UniqueIdentifier>
    </Filter>
    <Filter Include="kernels\ml">
      <UniqueIdentifier>{21110cc5-3680-4f80-9102-ccf489d1154c}</UniqueIdentifier>
    </Filter>
    <Filter Include="onnx">
      <UniqueIdentifier>{dae644da-b6df-4dfb-86e4-cde8a510a05d}</UniqueIdentifier>
    </Filter>
    <Filter Include="tests">
      <UniqueIdentifier>{83c200b9-de7f-4867-9f6d-174c22f80d32}</UniqueIdentifier>
    </Filter>
  </ItemGroup>
  <ItemGroup>
    <CudaCompile Include="src\kernels\CudaWavefrontTracer.cu">
      <Filter>kernels</Filter>
    </CudaCompile>
    <CudaCompile Include="src\kernels\CudaImage.cu">
      <Filter>kernels</Filter>
    </CudaCompile>
    <CudaCompile Include="src\kernels\CudaAsset.cu">
      <Filter>kernels</Filter>
    </CudaCompile>
    <CudaCompile Include="src\kernels\tracables\CudaSphere.cu">
      <Filter>kernels\tracables</Filter>
    </CudaCompile>
    <CudaCompile Include="src\kernels\tracables\CudaPlane.cu">
      <Filter>kernels\tracables</Filter>
    </CudaCompile>
    <CudaCompile Include="src\kernels\lights\CudaQuadLight.cu">
      <Filter>kernels\lights</Filter>
    </CudaCompile>
    <CudaCompile Include="src\kernels\bxdfs\CudaLambert.cu">
      <Filter>kernels\bxdfs</Filter>
    </CudaCompile>
    <CudaCompile Include="src\kernels\materials\CudaMaterial.cu">
      <Filter>kernels\materials</Filter>
    </CudaCompile>
    <CudaCompile Include="src\kernels\CudaTests.cu">
      <Filter>kernels</Filter>
    </CudaCompile>
    <CudaCompile Include="src\kernels\tracables\CudaKIFS.cu">
      <Filter>kernels\tracables</Filter>
    </CudaCompile>
    <CudaCompile Include="src\kernels\lights\CudaEnvironmentLight.cu">
      <Filter>kernels\lights</Filter>
    </CudaCompile>
    <CudaCompile Include="src\kernels\CudaRenderObjectFactory.cu">
      <Filter>kernels</Filter>
    </CudaCompile>
    <CudaCompile Include="src\kernels\math\CudaTransform.cu">
      <Filter>kernels\math</Filter>
    </CudaCompile>
    <CudaCompile Include="src\kernels\tracables\CudaTracable.cu">
      <Filter>kernels\tracables</Filter>
    </CudaCompile>
    <CudaCompile Include="src\kernels\CudaRenderObject.cu">
      <Filter>kernels</Filter>
    </CudaCompile>
    <CudaCompile Include="src\kernels\materials\CudaSimpleMaterial.cu">
      <Filter>kernels\materials</Filter>
    </CudaCompile>
    <CudaCompile Include="src\kernels\materials\CudaEmitterMaterial.cuh">
      <Filter>kernels\materials</Filter>
    </CudaCompile>
    <CudaCompile Include="src\kernels\materials\CudaEmitterMaterial.cu">
      <Filter>kernels\materials</Filter>
    </CudaCompile>
    <CudaCompile Include="src\kernels\lights\CudaLight.cu">
      <Filter>kernels\lights</Filter>
    </CudaCompile>
    <CudaCompile Include="src\kernels\tracables\CudaCornellBox.cu">
      <Filter>kernels\tracables</Filter>
    </CudaCompile>
    <CudaCompile Include="src\kernels\materials\CudaCornellMaterial.cu">
      <Filter>kernels\materials</Filter>
    </CudaCompile>
    <CudaCompile Include="src\kernels\cameras\CudaLightProbeCamera.cu">
      <Filter>kernels\cameras</Filter>
    </CudaCompile>
    <CudaCompile Include="src\kernels\cameras\CudaPerspectiveCamera.cu">
      <Filter>kernels\cameras</Filter>
    </CudaCompile>
    <CudaCompile Include="src\kernels\cameras\CudaCamera.cu">
      <Filter>kernels\cameras</Filter>
    </CudaCompile>
    <CudaCompile Include="src\kernels\lights\CudaSphereLight.cu">
      <Filter>kernels\lights</Filter>
    </CudaCompile>
    <CudaCompile Include="src\kernels\materials\CudaKIFSMaterial.cu">
      <Filter>kernels\materials</Filter>
    </CudaCompile>
    <CudaCompile Include="src\kernels\math\CudaColourUtils.cu">
      <Filter>kernels\math</Filter>
    </CudaCompile>
    <CudaCompile Include="src\kernels\math\CudaJitterableParameter.cu">
      <Filter>kernels\math</Filter>
    </CudaCompile>
    <CudaCompile Include="src\kernels\lights\CudaDistantLight.cu">
      <Filter>kernels\lights</Filter>
    </CudaCompile>
    <CudaCompile Include="src\kernels\tracables\CudaBox.cu">
      <Filter>kernels\tracables</Filter>
    </CudaCompile>
    <CudaCompile Include="src\kernels\lightprobes\CudaLightProbeGrid.cu">
      <Filter>kernels\lightprobes</Filter>
    </CudaCompile>
    <CudaCompile Include="src\kernels\lightprobes\CudaLightProbeKernelFilter.cu">
      <Filter>kernels\lightprobes</Filter>
    </CudaCompile>
    <CudaCompile Include="src\kernels\lightprobes\CudaLightProbeRegressionFilter.cu">
      <Filter>kernels\lightprobes</Filter>
    </CudaCompile>
    <CudaCompile Include="src\kernels\lightprobes\CudaLightProbeFilter.cu">
      <Filter>kernels\lightprobes</Filter>
    </CudaCompile>
    <CudaCompile Include="src\kernels\CudaRenderObjectContainer.cu">
      <Filter>kernels</Filter>
    </CudaCompile>
    <CudaCompile Include="src\kernels\tracables\CudaSDF.cu">
      <Filter>kernels\tracables</Filter>
    </CudaCompile>
    <CudaCompile Include="src\kernels\lightprobes\CudaLightProbeIO.cu">
      <Filter>kernels\lightprobes</Filter>
    </CudaCompile>
    <CudaCompile Include="src\kernels\ml\CudaGrid2Grid.cu">
      <Filter>kernels\ml</Filter>
    </CudaCompile>
    <CudaCompile Include="src\kernels\math\CudaGeodesics.cu">
      <Filter>kernels\math</Filter>
    </CudaCompile>
    <CudaCompile Include="src\kernels\ml\CudaFCNNProbeDenoiser.cu">
      <Filter>kernels\ml</Filter>
    </CudaCompile>
    <CudaCompile Include="src\kernels\lightprobes\CudaLightProbeDataTransform.cu">
      <Filter>kernels\lightprobes</Filter>
    </CudaCompile>
  </ItemGroup>
  <ItemGroup>
    <None Include=".gitignore" />
    <None Include="src\dx12\hlsl\helloshaders.hlsl">
      <Filter>dx12\hlsl</Filter>
    </None>
    <None Include="bin\win64\Release\config.json">
      <Filter>scenes</Filter>
    </None>
    <None Include="scenes\template.usda">
      <Filter>scenes</Filter>
    </None>
  </ItemGroup>
</Project>