<?xml version="1.0" encoding="utf-8"?>
<Project ToolsVersion="4.0" xmlns="http://schemas.microsoft.com/developer/msbuild/2003">
  <ItemGroup>
    <ClCompile Include="src\win\Main.cpp">
      <Filter>win</Filter>
    </ClCompile>
    <ClCompile Include="src\win\Win32Application.cpp">
      <Filter>win</Filter>
    </ClCompile>
    <ClCompile Include="src\dx12\D3DContainer.cpp">
      <Filter>dx12</Filter>
    </ClCompile>
    <ClCompile Include="src\dx12\SecurityAttributes.cpp">
      <Filter>dx12</Filter>
    </ClCompile>
    <ClCompile Include="src\generic\thirdparty\lodepng\lodepng.cpp">
      <Filter>generic\thirdparty\lodepng</Filter>
    </ClCompile>
    <ClCompile Include="src\renderer\RenderManager.cpp">
      <Filter>renderer</Filter>
    </ClCompile>
  </ItemGroup>
  <ItemGroup>
    <ClInclude Include="src\dx12\d3dx12.h">
      <Filter>dx12</Filter>
    </ClInclude>
    <ClInclude Include="src\dx12\DXSampleHelper.h">
      <Filter>dx12</Filter>
    </ClInclude>
    <ClInclude Include="src\generic\thirdparty\nvidia\helper_string.h">
      <Filter>generic\thirdparty\nvidia</Filter>
    </ClInclude>
    <ClInclude Include="src\generic\thirdparty\nvidia\helper_cuda.h">
      <Filter>generic\thirdparty\nvidia</Filter>
    </ClInclude>
    <ClInclude Include="src\win\Win32Application.h">
      <Filter>win</Filter>
    </ClInclude>
    <ClInclude Include="src\dx12\D3DWindowInterface.h">
      <Filter>dx12</Filter>
    </ClInclude>
    <ClInclude Include="src\dx12\D3DContainer.h">
      <Filter>dx12</Filter>
    </ClInclude>
    <ClInclude Include="src\dx12\SecurityAttributes.h">
      <Filter>dx12</Filter>
    </ClInclude>
    <ClInclude Include="src\generic\D3DIncludes.h">
      <Filter>generic</Filter>
    </ClInclude>
    <ClInclude Include="src\generic\StdIncludes.h">
      <Filter>generic</Filter>
    </ClInclude>
    <ClInclude Include="src\generic\thirdparty\lodepng\lodepng.h">
      <Filter>generic\thirdparty\lodepng</Filter>
    </ClInclude>
    <ClInclude Include="src\generic\thirdparty\rapidjson\allocators.h">
      <Filter>generic\thirdparty\rapidjson</Filter>
    </ClInclude>
    <ClInclude Include="src\generic\thirdparty\rapidjson\cursorstreamwrapper.h">
      <Filter>generic\thirdparty\rapidjson</Filter>
    </ClInclude>
    <ClInclude Include="src\generic\thirdparty\rapidjson\document.h">
      <Filter>generic\thirdparty\rapidjson</Filter>
    </ClInclude>
    <ClInclude Include="src\generic\thirdparty\rapidjson\encodedstream.h">
      <Filter>generic\thirdparty\rapidjson</Filter>
    </ClInclude>
    <ClInclude Include="src\generic\thirdparty\rapidjson\encodings.h">
      <Filter>generic\thirdparty\rapidjson</Filter>
    </ClInclude>
    <ClInclude Include="src\generic\thirdparty\rapidjson\filereadstream.h">
      <Filter>generic\thirdparty\rapidjson</Filter>
    </ClInclude>
    <ClInclude Include="src\generic\thirdparty\rapidjson\filewritestream.h">
      <Filter>generic\thirdparty\rapidjson</Filter>
    </ClInclude>
    <ClInclude Include="src\generic\thirdparty\rapidjson\fwd.h">
      <Filter>generic\thirdparty\rapidjson</Filter>
    </ClInclude>
    <ClInclude Include="src\generic\thirdparty\rapidjson\istreamwrapper.h">
      <Filter>generic\thirdparty\rapidjson</Filter>
    </ClInclude>
    <ClInclude Include="src\generic\thirdparty\rapidjson\memorybuffer.h">
      <Filter>generic\thirdparty\rapidjson</Filter>
    </ClInclude>
    <ClInclude Include="src\generic\thirdparty\rapidjson\memorystream.h">
      <Filter>generic\thirdparty\rapidjson</Filter>
    </ClInclude>
    <ClInclude Include="src\generic\thirdparty\rapidjson\ostreamwrapper.h">
      <Filter>generic\thirdparty\rapidjson</Filter>
    </ClInclude>
    <ClInclude Include="src\generic\thirdparty\rapidjson\pointer.h">
      <Filter>generic\thirdparty\rapidjson</Filter>
    </ClInclude>
    <ClInclude Include="src\generic\thirdparty\rapidjson\prettywriter.h">
      <Filter>generic\thirdparty\rapidjson</Filter>
    </ClInclude>
    <ClInclude Include="src\generic\thirdparty\rapidjson\rapidjson.h">
      <Filter>generic\thirdparty\rapidjson</Filter>
    </ClInclude>
    <ClInclude Include="src\generic\thirdparty\rapidjson\reader.h">
      <Filter>generic\thirdparty\rapidjson</Filter>
    </ClInclude>
    <ClInclude Include="src\generic\thirdparty\rapidjson\schema.h">
      <Filter>generic\thirdparty\rapidjson</Filter>
    </ClInclude>
    <ClInclude Include="src\generic\thirdparty\rapidjson\stream.h">
      <Filter>generic\thirdparty\rapidjson</Filter>
    </ClInclude>
    <ClInclude Include="src\generic\thirdparty\rapidjson\stringbuffer.h">
      <Filter>generic\thirdparty\rapidjson</Filter>
    </ClInclude>
    <ClInclude Include="src\generic\thirdparty\rapidjson\writer.h">
      <Filter>generic\thirdparty\rapidjson</Filter>
    </ClInclude>
    <ClInclude Include="src\generic\thirdparty\tinyformat\tinyformat.h">
      <Filter>generic\thirdparty\tinyformat</Filter>
    </ClInclude>
    <ClInclude Include="src\renderer\RenderManager.h">
      <Filter>renderer</Filter>
    </ClInclude>
    <ClInclude Include="src\kernels\CudaCommonIncludes.cuh">
      <Filter>kernels</Filter>
    </ClInclude>
    <ClInclude Include="src\kernels\CudaCompositor.cuh">
      <Filter>kernels</Filter>
    </ClInclude>
    <ClInclude Include="src\kernels\CudaWavefrontTracer.cuh">
      <Filter>kernels</Filter>
    </ClInclude>
    <ClInclude Include="src\kernels\CudaRay.cuh">
      <Filter>kernels</Filter>
    </ClInclude>
    <ClInclude Include="src\kernels\CudaImage.cuh">
      <Filter>kernels</Filter>
    </ClInclude>
    <ClInclude Include="src\generic\Assert.h">
      <Filter>generic</Filter>
    </ClInclude>
  </ItemGroup>
  <ItemGroup>
    <Filter Include="dx12">
      <UniqueIdentifier>{8863e2e8-e3e5-49f3-8cd9-fc79fcfef590}</UniqueIdentifier>
    </Filter>
    <Filter Include="generic">
      <UniqueIdentifier>{439db4d4-72ca-47c6-8a82-a225dfa92cca}</UniqueIdentifier>
    </Filter>
    <Filter Include="generic\thirdparty">
      <UniqueIdentifier>{88aedecf-8137-454d-b8d8-685351c9c6ba}</UniqueIdentifier>
    </Filter>
    <Filter Include="generic\thirdparty\nvidia">
      <UniqueIdentifier>{b04f9ba9-0423-442a-9bb4-ca681cc61ad5}</UniqueIdentifier>
    </Filter>
    <Filter Include="win">
      <UniqueIdentifier>{d46ee08f-5440-4118-b4f2-a715b7332aa1}</UniqueIdentifier>
    </Filter>
    <Filter Include="kernels">
      <UniqueIdentifier>{40d7abd6-ab81-4cd5-b3b8-3d3dc012ed71}</UniqueIdentifier>
    </Filter>
    <Filter Include="dx12\hlsl">
      <UniqueIdentifier>{047e351b-1ef7-4541-aefa-5c78b7bb8897}</UniqueIdentifier>
    </Filter>
    <Filter Include="generic\thirdparty\lodepng">
      <UniqueIdentifier>{8954364a-590f-4da2-ab53-ef1e20ebb316}</UniqueIdentifier>
    </Filter>
    <Filter Include="generic\thirdparty\rapidjson">
      <UniqueIdentifier>{94e8fb6e-a611-4aa0-bc7c-6369ee52df2e}</UniqueIdentifier>
    </Filter>
    <Filter Include="generic\thirdparty\tinyformat">
      <UniqueIdentifier>{dec6eb84-8a9a-4792-8968-4e19e419b6bd}</UniqueIdentifier>
    </Filter>
    <Filter Include="renderer">
      <UniqueIdentifier>{b1b37265-aa24-48e6-afa6-07bb2e7c674b}</UniqueIdentifier>
    </Filter>
  </ItemGroup>
  <ItemGroup>
    <CudaCompile Include="src\kernels\CudaCompositor.cu">
      <Filter>kernels</Filter>
    </CudaCompile>
    <CudaCompile Include="src\kernels\CudaCommonIncludes.cu">
      <Filter>kernels</Filter>
    </CudaCompile>
    <CudaCompile Include="src\kernels\CudaWavefrontTracer.cu">
      <Filter>kernels</Filter>
    </CudaCompile>
  </ItemGroup>
  <ItemGroup>
    <None Include=".gitignore" />
    <None Include="src\dx12\hlsl\helloshaders.hlsl">
      <Filter>dx12\hlsl</Filter>
    </None>
  </ItemGroup>
</Project>