<?xml version="1.0" encoding="utf-8"?>
<Project ToolsVersion="4.0" xmlns="http://schemas.microsoft.com/developer/msbuild/2003">
  <ItemGroup>
    <ClCompile Include="..\src\generic\debug\Backtrace.cpp">
      <Filter>dependencies</Filter>
    </ClCompile>
    <ClCompile Include="..\src\generic\FilesystemUtils.cpp">
      <Filter>dependencies</Filter>
    </ClCompile>
    <ClCompile Include="..\src\generic\GlobalStateAuthority.cpp">
      <Filter>dependencies</Filter>
    </ClCompile>
    <ClCompile Include="..\src\generic\JsonUtils.cpp">
      <Filter>dependencies</Filter>
    </ClCompile>
    <ClCompile Include="..\src\generic\Log.cpp">
      <Filter>dependencies</Filter>
    </ClCompile>
    <ClCompile Include="..\src\generic\StringUtils.cpp">
      <Filter>dependencies</Filter>
    </ClCompile>
    <ClCompile Include="Main.cpp" />
  </ItemGroup>
  <ItemGroup>
    <ClInclude Include="..\src\generic\debug\Backtrace.h">
      <Filter>dependencies</Filter>
    </ClInclude>
    <ClInclude Include="..\src\generic\Assert.h">
      <Filter>dependencies</Filter>
    </ClInclude>
    <ClInclude Include="..\src\generic\Constants.h">
      <Filter>dependencies</Filter>
    </ClInclude>
    <ClInclude Include="..\src\generic\FilesystemUtils.h">
      <Filter>dependencies</Filter>
    </ClInclude>
    <ClInclude Include="..\src\generic\GlobalStateAuthority.h">
      <Filter>dependencies</Filter>
    </ClInclude>
    <ClInclude Include="..\src\generic\HighResolutionTimer.h">
      <Filter>dependencies</Filter>
    </ClInclude>
    <ClInclude Include="..\src\generic\JsonUtils.h">
      <Filter>dependencies</Filter>
    </ClInclude>
    <ClInclude Include="..\src\generic\Log.h">
      <Filter>dependencies</Filter>
    </ClInclude>
    <ClInclude Include="..\src\generic\Math.h">
      <Filter>dependencies</Filter>
    </ClInclude>
    <ClInclude Include="..\src\generic\StdIncludes.h">
      <Filter>dependencies</Filter>
    </ClInclude>
    <ClInclude Include="..\src\generic\StringUtils.h">
      <Filter>dependencies</Filter>
    </ClInclude>
    <ClInclude Include="..\src\generic\D3DIncludes.h">
      <Filter>dependencies</Filter>
    </ClInclude>
    <ClInclude Include="suites\CudaMat3Tests.h">
      <Filter>suites</Filter>
    </ClInclude>
    <ClInclude Include="suites\CudaMat4Tests.h">
      <Filter>suites</Filter>
    </ClInclude>
    <ClInclude Include="suites\CudaMathTests.h">
      <Filter>suites</Filter>
    </ClInclude>
    <ClInclude Include="suites\CudaTracableTests.h">
      <Filter>suites</Filter>
    </ClInclude>
    <ClInclude Include="suites\CudaVecTests.h">
      <Filter>suites</Filter>
    </ClInclude>
    <ClInclude Include="suites\SuiteBase.h">
      <Filter>suites</Filter>
    </ClInclude>
    <ClInclude Include="suites\IOTests.h">
      <Filter>suites</Filter>
    </ClInclude>
    <ClInclude Include="suites\CudaMat2Tests.h">
      <Filter>suites</Filter>
    </ClInclude>
    <ClInclude Include="suites\CudaBIH2DTests.h">
      <Filter>suites</Filter>
    </ClInclude>
    <ClInclude Include="suites\CudaVectorTestsImpl.cuh">
      <Filter>suites</Filter>
    </ClInclude>
    <ClInclude Include="suites\CudaVectorTests.h">
      <Filter>suites</Filter>
    </ClInclude>
    <ClInclude Include="suites\CudaBIH2DTestsImpl.cuh">
      <Filter>suites</Filter>
    </ClInclude>
    <ClInclude Include="..\src\kernels\gi2d\CudaBIH2D.cuh">
      <Filter>dependencies\kernels</Filter>
    </ClInclude>
    <ClInclude Include="..\src\kernels\lightprobes\CudaLightProbeGrid.cuh">
      <Filter>dependencies\kernels</Filter>
    </ClInclude>
    <ClInclude Include="..\src\kernels\math\CudaMathUtils.cuh">
      <Filter>dependencies\kernels</Filter>
    </ClInclude>
    <ClInclude Include="..\src\kernels\math\CudaMath.cuh">
      <Filter>dependencies\kernels</Filter>
    </ClInclude>
    <ClInclude Include="..\src\kernels\math\CudaTransform.cuh">
      <Filter>dependencies\kernels</Filter>
    </ClInclude>
    <ClInclude Include="..\src\kernels\gi2d\tracables\primitives\LineSegment.cuh">
      <Filter>dependencies\kernels</Filter>
    </ClInclude>
    <ClInclude Include="suites\DeviceObjectTests.h">
      <Filter>suites</Filter>
    </ClInclude>
    <ClInclude Include="suites\DeviceObjectTestsImpl.cuh">
      <Filter>suites</Filter>
    </ClInclude>
    <ClInclude Include="..\src\kernels\DeviceAllocator.cuh">
      <Filter>dependencies\kernels</Filter>
    </ClInclude>
  </ItemGroup>
  <ItemGroup>
    <CudaCompile Include="suites\CudaVectorTestsImpl.cu">
      <Filter>suites</Filter>
    </CudaCompile>
    <CudaCompile Include="suites\CudaBIH2DTestsImpl.cu">
      <Filter>suites</Filter>
    </CudaCompile>
    <CudaCompile Include="..\src\kernels\CudaAsset.cu">
      <Filter>dependencies\kernels</Filter>
    </CudaCompile>
    <CudaCompile Include="..\src\kernels\cameras\CudaCamera.cu">
      <Filter>dependencies\kernels</Filter>
    </CudaCompile>
    <CudaCompile Include="..\src\kernels\math\CudaColourUtils.cu">
      <Filter>dependencies\kernels</Filter>
    </CudaCompile>
    <CudaCompile Include="..\src\kernels\CudaImage.cu">
      <Filter>dependencies\kernels</Filter>
    </CudaCompile>
    <CudaCompile Include="..\src\kernels\math\CudaJitterableParameter.cu">
      <Filter>dependencies\kernels</Filter>
    </CudaCompile>
    <CudaCompile Include="..\src\kernels\lightprobes\CudaLightProbeDataTransform.cu">
      <Filter>dependencies\kernels</Filter>
    </CudaCompile>
    <CudaCompile Include="..\src\kernels\lightprobes\CudaLightProbeGrid.cu">
      <Filter>dependencies\kernels</Filter>
    </CudaCompile>
    <CudaCompile Include="..\src\kernels\CudaRenderObject.cu">
      <Filter>dependencies\kernels</Filter>
    </CudaCompile>
    <CudaCompile Include="..\src\kernels\math\CudaTransform.cu">
      <Filter>dependencies\kernels</Filter>
    </CudaCompile>
    <CudaCompile Include="..\src\kernels\math\CudaJitterableParameter.cu">
      <Filter>dependencies\kernels</Filter>
    </CudaCompile>
    <CudaCompile Include="..\src\kernels\gi2d\tracables\primitives\LineSegment.cu">
      <Filter>dependencies\kernels</Filter>
    </CudaCompile>
    <CudaCompile Include="..\src\kernels\GlobalResourceRegistry.cu">
      <Filter>dependencies\kernels</Filter>
    </CudaCompile>
    <CudaCompile Include="suites\DeviceObjectTestsImpl.cu">
      <Filter>suites</Filter>
    </CudaCompile>
  </ItemGroup>
  <ItemGroup>
    <Filter Include="dependencies">
      <UniqueIdentifier>{905da528-3964-4127-a2ac-362ea55912a2}</UniqueIdentifier>
    </Filter>
    <Filter Include="suites">
      <UniqueIdentifier>{4460e639-1e14-49d4-b91c-4355be052ec7}</UniqueIdentifier>
    </Filter>
    <Filter Include="dependencies\kernels">
      <UniqueIdentifier>{12d3ce02-5993-4093-a74a-a09079896706}</UniqueIdentifier>
    </Filter>
  </ItemGroup>
</Project>